
Microsoft Visual Studio Solution File, Format Version 12.00
# Visual Studio 14
VisualStudioVersion = 14.0.25420.1
MinimumVisualStudioVersion = 10.0.40219.1
Project("{FAE04EC0-301F-11D3-BF4B-00C04F79EFBC}") = "ProjectIdea", "ProjectIdea\ProjectIdea.csproj", "{EA11BF25-89D0-44AA-B1AD-385F16B63B4B}"
EndProject
Project("{FAE04EC0-301F-11D3-BF4B-00C04F79EFBC}") = "ApiConsoleClient", "ApiConsoleClient\ApiConsoleClient.csproj", "{0F105031-3833-4416-B997-7228054BD8ED}"
EndProject
Global
	GlobalSection(SolutionConfigurationPlatforms) = preSolution
		Debug|Any CPU = Debug|Any CPU
		Release|Any CPU = Release|Any CPU
	EndGlobalSection
	GlobalSection(ProjectConfigurationPlatforms) = postSolution
		{EA11BF25-89D0-44AA-B1AD-385F16B63B4B}.Debug|Any CPU.ActiveCfg = Debug|Any CPU
		{EA11BF25-89D0-44AA-B1AD-385F16B63B4B}.Debug|Any CPU.Build.0 = Debug|Any CPU
		{EA11BF25-89D0-44AA-B1AD-385F16B63B4B}.Release|Any CPU.ActiveCfg = Release|Any CPU
		{EA11BF25-89D0-44AA-B1AD-385F16B63B4B}.Release|Any CPU.Build.0 = Release|Any CPU
		{0F105031-3833-4416-B997-7228054BD8ED}.Debug|Any CPU.ActiveCfg = Debug|Any CPU
		{0F105031-3833-4416-B997-7228054BD8ED}.Debug|Any CPU.Build.0 = Debug|Any CPU
		{0F105031-3833-4416-B997-7228054BD8ED}.Release|Any CPU.ActiveCfg = Release|Any CPU
		{0F105031-3833-4416-B997-7228054BD8ED}.Release|Any CPU.Build.0 = Release|Any CPU
	EndGlobalSection
	GlobalSection(SolutionProperties) = preSolution
		HideSolutionNode = FALSE
	EndGlobalSection
EndGlobal
